
Microsoft Visual Studio Solution File, Format Version 12.00
# Visual Studio Version 16
VisualStudioVersion = 16.0.30907.101
MinimumVisualStudioVersion = 10.0.40219.1
Project("{FAE04EC0-301F-11D3-BF4B-00C04F79EFBC}") = "PaymentAPI", "PaymentAPI\PaymentAPI.csproj", "{8BFFDD08-CAC6-4C6D-8DF3-E0FCE3EC4CBC}"
EndProject
Global
	GlobalSection(SolutionConfigurationPlatforms) = preSolution
		Debug|Any CPU = Debug|Any CPU
		Release|Any CPU = Release|Any CPU
	EndGlobalSection
	GlobalSection(ProjectConfigurationPlatforms) = postSolution
		{8BFFDD08-CAC6-4C6D-8DF3-E0FCE3EC4CBC}.Debug|Any CPU.ActiveCfg = Debug|Any CPU
		{8BFFDD08-CAC6-4C6D-8DF3-E0FCE3EC4CBC}.Debug|Any CPU.Build.0 = Debug|Any CPU
		{8BFFDD08-CAC6-4C6D-8DF3-E0FCE3EC4CBC}.Release|Any CPU.ActiveCfg = Release|Any CPU
		{8BFFDD08-CAC6-4C6D-8DF3-E0FCE3EC4CBC}.Release|Any CPU.Build.0 = Release|Any CPU
	EndGlobalSection
	GlobalSection(SolutionProperties) = preSolution
		HideSolutionNode = FALSE
	EndGlobalSection
	GlobalSection(ExtensibilityGlobals) = postSolution
		SolutionGuid = {87C63113-35F1-4770-8543-627373589CA8}
	EndGlobalSection
EndGlobal
